
Microsoft Visual Studio Solution File, Format Version 12.00
# Visual Studio Version 17
VisualStudioVersion = 17.8.34511.84
MinimumVisualStudioVersion = 10.0.40219.1
Project("{FAE04EC0-301F-11D3-BF4B-00C04F79EFBC}") = "Basics", "Basics.csproj", "{A4AFD112-F0F3-419C-A44B-A008B4A26ABE}"
EndProject
Project("{FAE04EC0-301F-11D3-BF4B-00C04F79EFBC}") = "01_variables_and_constants", "..\01_variables_and_constants\01_variables_and_constants.csproj", "{35378FB4-3031-43AA-B85C-14B4E5C0FBBC}"
EndProject
Global
	GlobalSection(SolutionConfigurationPlatforms) = preSolution
		Debug|Any CPU = Debug|Any CPU
		Release|Any CPU = Release|Any CPU
	EndGlobalSection
	GlobalSection(ProjectConfigurationPlatforms) = postSolution
		{A4AFD112-F0F3-419C-A44B-A008B4A26ABE}.Debug|Any CPU.ActiveCfg = Debug|Any CPU
		{A4AFD112-F0F3-419C-A44B-A008B4A26ABE}.Debug|Any CPU.Build.0 = Debug|Any CPU
		{A4AFD112-F0F3-419C-A44B-A008B4A26ABE}.Release|Any CPU.ActiveCfg = Release|Any CPU
		{A4AFD112-F0F3-419C-A44B-A008B4A26ABE}.Release|Any CPU.Build.0 = Release|Any CPU
		{35378FB4-3031-43AA-B85C-14B4E5C0FBBC}.Debug|Any CPU.ActiveCfg = Debug|Any CPU
		{35378FB4-3031-43AA-B85C-14B4E5C0FBBC}.Debug|Any CPU.Build.0 = Debug|Any CPU
		{35378FB4-3031-43AA-B85C-14B4E5C0FBBC}.Release|Any CPU.ActiveCfg = Release|Any CPU
		{35378FB4-3031-43AA-B85C-14B4E5C0FBBC}.Release|Any CPU.Build.0 = Release|Any CPU
	EndGlobalSection
	GlobalSection(SolutionProperties) = preSolution
		HideSolutionNode = FALSE
	EndGlobalSection
	GlobalSection(ExtensibilityGlobals) = postSolution
		SolutionGuid = {5E7F7E91-7863-4EB6-AE82-B4E7392FB00D}
	EndGlobalSection
EndGlobal
