
Microsoft Visual Studio Solution File, Format Version 12.00
# Visual Studio Version 17
VisualStudioVersion = 17.8.34511.84
MinimumVisualStudioVersion = 10.0.40219.1
Project("{FAE04EC0-301F-11D3-BF4B-00C04F79EFBC}") = "01_variables_and_constants", "..\01_variables_and_constants\01_variables_and_constants.csproj", "{35378FB4-3031-43AA-B85C-14B4E5C0FBBC}"
EndProject
Project("{FAE04EC0-301F-11D3-BF4B-00C04F79EFBC}") = "02_type_conversion", "..\02_type_conversion\02_type_conversion.csproj", "{803E28B3-D98E-44FD-BA35-AFDA22A1873F}"
EndProject
Project("{FAE04EC0-301F-11D3-BF4B-00C04F79EFBC}") = "03_operators", "..\03_operators\03_operators.csproj", "{118FD4FA-ACDD-4108-B52F-73B97177CEB0}"
EndProject
Project("{FAE04EC0-301F-11D3-BF4B-00C04F79EFBC}") = "04_classes", "..\04_classes\04_classes.csproj", "{68F30AAF-B5C0-4FFF-8FF8-53D43A8A656A}"
EndProject
Project("{FAE04EC0-301F-11D3-BF4B-00C04F79EFBC}") = "05_arrays", "..\05_arrays\05_arrays.csproj", "{93E274A2-0309-44DE-BCBD-6917EA5E5051}"
EndProject
Project("{FAE04EC0-301F-11D3-BF4B-00C04F79EFBC}") = "06_strings", "..\06_strings\06_strings.csproj", "{BB73BAD3-C799-487D-B87D-ADCBDF22B1AC}"
EndProject
Project("{FAE04EC0-301F-11D3-BF4B-00C04F79EFBC}") = "07_enum", "..\07_enum\07_enum.csproj", "{2C25BDE9-7548-49AC-9F8E-5029C6A4AB90}"
EndProject
Project("{FAE04EC0-301F-11D3-BF4B-00C04F79EFBC}") = "08_reference_and_value_types", "..\08_reference_and_value_types\08_reference_and_value_types.csproj", "{612B0581-BCB8-4BE9-9AA9-AD61E9AC5EBD}"
EndProject
Project("{FAE04EC0-301F-11D3-BF4B-00C04F79EFBC}") = "09_if_else_and_switch", "..\09_if_else_and_switch\09_if_else_and_switch.csproj", "{C6B096CA-7FA6-4567-A1A4-4EC49F6FFA39}"
EndProject
Project("{FAE04EC0-301F-11D3-BF4B-00C04F79EFBC}") = "10_for_loop", "..\10_for_loop\10_for_loop.csproj", "{2CF4F3D3-FBDC-407C-8B2F-D57ECADCFF5C}"
EndProject
Project("{FAE04EC0-301F-11D3-BF4B-00C04F79EFBC}") = "11_foreach_loop", "..\11_foreach_loop\11_foreach_loop.csproj", "{0AAB5418-4ADC-4080-BD60-C7E94341E924}"
EndProject
Project("{FAE04EC0-301F-11D3-BF4B-00C04F79EFBC}") = "12_while_loop", "..\12_while_loop\12_while_loop.csproj", "{F2012FCA-902D-4C05-B1FD-A172D400B0C0}"
EndProject
Project("{FAE04EC0-301F-11D3-BF4B-00C04F79EFBC}") = "13_random", "..\13_random\13_random.csproj", "{2EA4ECDE-6C70-4617-AF5B-25153F3CEF2E}"
EndProject
Project("{FAE04EC0-301F-11D3-BF4B-00C04F79EFBC}") = "ex_02_loops", "..\ex_02\ex_02_loops.csproj", "{7047F34F-686E-4E3E-9CDD-59369EB6DD5F}"
EndProject
Project("{FAE04EC0-301F-11D3-BF4B-00C04F79EFBC}") = "ex_01_conditionals", "..\ex_01_conditionals\ex_01_conditionals.csproj", "{F9BF5865-E3E1-4098-ABB3-68E7AE33AABA}"
EndProject
Project("{FAE04EC0-301F-11D3-BF4B-00C04F79EFBC}") = "14_arrays", "..\14_arrays\14_arrays.csproj", "{36B02D37-7225-44E6-A826-E045D8B09A94}"
EndProject
Project("{FAE04EC0-301F-11D3-BF4B-00C04F79EFBC}") = "15_lists", "..\15_lists\15_lists.csproj", "{40AFF2AF-9D52-45F3-A0EC-7B2457A12A1D}"
EndProject
Project("{FAE04EC0-301F-11D3-BF4B-00C04F79EFBC}") = "ex_03_arrays_lists", "ex_03_arrays_lists\ex_03_arrays_lists.csproj", "{87F8BCE7-E212-4B0E-86F6-41634FCE55F6}"
EndProject
Project("{FAE04EC0-301F-11D3-BF4B-00C04F79EFBC}") = "16_dates", "16_dates\16_dates.csproj", "{BC5CDD87-703F-40F6-B372-825CDDC855A2}"
EndProject
Project("{FAE04EC0-301F-11D3-BF4B-00C04F79EFBC}") = "17_timespan", "17_timespan\17_timespan.csproj", "{AE685AED-B142-42CF-910F-E9DECE5DC1E5}"
EndProject
Project("{FAE04EC0-301F-11D3-BF4B-00C04F79EFBC}") = "01_01_input_output", "01_01_input_output\01_01_input_output.csproj", "{17B1391F-B759-4EF2-B36C-E0AD84C6471E}"
EndProject
Project("{FAE04EC0-301F-11D3-BF4B-00C04F79EFBC}") = "02_01_convert", "02_convert\02_01_convert.csproj", "{C884F5DB-55E6-4CBF-ABC2-F465102965DD}"
EndProject
Global
	GlobalSection(SolutionConfigurationPlatforms) = preSolution
		Debug|Any CPU = Debug|Any CPU
		Release|Any CPU = Release|Any CPU
	EndGlobalSection
	GlobalSection(ProjectConfigurationPlatforms) = postSolution
		{35378FB4-3031-43AA-B85C-14B4E5C0FBBC}.Debug|Any CPU.ActiveCfg = Debug|Any CPU
		{35378FB4-3031-43AA-B85C-14B4E5C0FBBC}.Debug|Any CPU.Build.0 = Debug|Any CPU
		{35378FB4-3031-43AA-B85C-14B4E5C0FBBC}.Release|Any CPU.ActiveCfg = Release|Any CPU
		{35378FB4-3031-43AA-B85C-14B4E5C0FBBC}.Release|Any CPU.Build.0 = Release|Any CPU
		{803E28B3-D98E-44FD-BA35-AFDA22A1873F}.Debug|Any CPU.ActiveCfg = Debug|Any CPU
		{803E28B3-D98E-44FD-BA35-AFDA22A1873F}.Debug|Any CPU.Build.0 = Debug|Any CPU
		{803E28B3-D98E-44FD-BA35-AFDA22A1873F}.Release|Any CPU.ActiveCfg = Release|Any CPU
		{803E28B3-D98E-44FD-BA35-AFDA22A1873F}.Release|Any CPU.Build.0 = Release|Any CPU
		{118FD4FA-ACDD-4108-B52F-73B97177CEB0}.Debug|Any CPU.ActiveCfg = Debug|Any CPU
		{118FD4FA-ACDD-4108-B52F-73B97177CEB0}.Debug|Any CPU.Build.0 = Debug|Any CPU
		{118FD4FA-ACDD-4108-B52F-73B97177CEB0}.Release|Any CPU.ActiveCfg = Release|Any CPU
		{118FD4FA-ACDD-4108-B52F-73B97177CEB0}.Release|Any CPU.Build.0 = Release|Any CPU
		{68F30AAF-B5C0-4FFF-8FF8-53D43A8A656A}.Debug|Any CPU.ActiveCfg = Debug|Any CPU
		{68F30AAF-B5C0-4FFF-8FF8-53D43A8A656A}.Debug|Any CPU.Build.0 = Debug|Any CPU
		{68F30AAF-B5C0-4FFF-8FF8-53D43A8A656A}.Release|Any CPU.ActiveCfg = Release|Any CPU
		{68F30AAF-B5C0-4FFF-8FF8-53D43A8A656A}.Release|Any CPU.Build.0 = Release|Any CPU
		{93E274A2-0309-44DE-BCBD-6917EA5E5051}.Debug|Any CPU.ActiveCfg = Debug|Any CPU
		{93E274A2-0309-44DE-BCBD-6917EA5E5051}.Debug|Any CPU.Build.0 = Debug|Any CPU
		{93E274A2-0309-44DE-BCBD-6917EA5E5051}.Release|Any CPU.ActiveCfg = Release|Any CPU
		{93E274A2-0309-44DE-BCBD-6917EA5E5051}.Release|Any CPU.Build.0 = Release|Any CPU
		{BB73BAD3-C799-487D-B87D-ADCBDF22B1AC}.Debug|Any CPU.ActiveCfg = Debug|Any CPU
		{BB73BAD3-C799-487D-B87D-ADCBDF22B1AC}.Debug|Any CPU.Build.0 = Debug|Any CPU
		{BB73BAD3-C799-487D-B87D-ADCBDF22B1AC}.Release|Any CPU.ActiveCfg = Release|Any CPU
		{BB73BAD3-C799-487D-B87D-ADCBDF22B1AC}.Release|Any CPU.Build.0 = Release|Any CPU
		{2C25BDE9-7548-49AC-9F8E-5029C6A4AB90}.Debug|Any CPU.ActiveCfg = Debug|Any CPU
		{2C25BDE9-7548-49AC-9F8E-5029C6A4AB90}.Debug|Any CPU.Build.0 = Debug|Any CPU
		{2C25BDE9-7548-49AC-9F8E-5029C6A4AB90}.Release|Any CPU.ActiveCfg = Release|Any CPU
		{2C25BDE9-7548-49AC-9F8E-5029C6A4AB90}.Release|Any CPU.Build.0 = Release|Any CPU
		{612B0581-BCB8-4BE9-9AA9-AD61E9AC5EBD}.Debug|Any CPU.ActiveCfg = Debug|Any CPU
		{612B0581-BCB8-4BE9-9AA9-AD61E9AC5EBD}.Debug|Any CPU.Build.0 = Debug|Any CPU
		{612B0581-BCB8-4BE9-9AA9-AD61E9AC5EBD}.Release|Any CPU.ActiveCfg = Release|Any CPU
		{612B0581-BCB8-4BE9-9AA9-AD61E9AC5EBD}.Release|Any CPU.Build.0 = Release|Any CPU
		{C6B096CA-7FA6-4567-A1A4-4EC49F6FFA39}.Debug|Any CPU.ActiveCfg = Debug|Any CPU
		{C6B096CA-7FA6-4567-A1A4-4EC49F6FFA39}.Debug|Any CPU.Build.0 = Debug|Any CPU
		{C6B096CA-7FA6-4567-A1A4-4EC49F6FFA39}.Release|Any CPU.ActiveCfg = Release|Any CPU
		{C6B096CA-7FA6-4567-A1A4-4EC49F6FFA39}.Release|Any CPU.Build.0 = Release|Any CPU
		{2CF4F3D3-FBDC-407C-8B2F-D57ECADCFF5C}.Debug|Any CPU.ActiveCfg = Debug|Any CPU
		{2CF4F3D3-FBDC-407C-8B2F-D57ECADCFF5C}.Debug|Any CPU.Build.0 = Debug|Any CPU
		{2CF4F3D3-FBDC-407C-8B2F-D57ECADCFF5C}.Release|Any CPU.ActiveCfg = Release|Any CPU
		{2CF4F3D3-FBDC-407C-8B2F-D57ECADCFF5C}.Release|Any CPU.Build.0 = Release|Any CPU
		{0AAB5418-4ADC-4080-BD60-C7E94341E924}.Debug|Any CPU.ActiveCfg = Debug|Any CPU
		{0AAB5418-4ADC-4080-BD60-C7E94341E924}.Debug|Any CPU.Build.0 = Debug|Any CPU
		{0AAB5418-4ADC-4080-BD60-C7E94341E924}.Release|Any CPU.ActiveCfg = Release|Any CPU
		{0AAB5418-4ADC-4080-BD60-C7E94341E924}.Release|Any CPU.Build.0 = Release|Any CPU
		{F2012FCA-902D-4C05-B1FD-A172D400B0C0}.Debug|Any CPU.ActiveCfg = Debug|Any CPU
		{F2012FCA-902D-4C05-B1FD-A172D400B0C0}.Debug|Any CPU.Build.0 = Debug|Any CPU
		{F2012FCA-902D-4C05-B1FD-A172D400B0C0}.Release|Any CPU.ActiveCfg = Release|Any CPU
		{F2012FCA-902D-4C05-B1FD-A172D400B0C0}.Release|Any CPU.Build.0 = Release|Any CPU
		{2EA4ECDE-6C70-4617-AF5B-25153F3CEF2E}.Debug|Any CPU.ActiveCfg = Debug|Any CPU
		{2EA4ECDE-6C70-4617-AF5B-25153F3CEF2E}.Debug|Any CPU.Build.0 = Debug|Any CPU
		{2EA4ECDE-6C70-4617-AF5B-25153F3CEF2E}.Release|Any CPU.ActiveCfg = Release|Any CPU
		{2EA4ECDE-6C70-4617-AF5B-25153F3CEF2E}.Release|Any CPU.Build.0 = Release|Any CPU
		{7047F34F-686E-4E3E-9CDD-59369EB6DD5F}.Debug|Any CPU.ActiveCfg = Debug|Any CPU
		{7047F34F-686E-4E3E-9CDD-59369EB6DD5F}.Debug|Any CPU.Build.0 = Debug|Any CPU
		{7047F34F-686E-4E3E-9CDD-59369EB6DD5F}.Release|Any CPU.ActiveCfg = Release|Any CPU
		{7047F34F-686E-4E3E-9CDD-59369EB6DD5F}.Release|Any CPU.Build.0 = Release|Any CPU
		{F9BF5865-E3E1-4098-ABB3-68E7AE33AABA}.Debug|Any CPU.ActiveCfg = Debug|Any CPU
		{F9BF5865-E3E1-4098-ABB3-68E7AE33AABA}.Debug|Any CPU.Build.0 = Debug|Any CPU
		{F9BF5865-E3E1-4098-ABB3-68E7AE33AABA}.Release|Any CPU.ActiveCfg = Release|Any CPU
		{F9BF5865-E3E1-4098-ABB3-68E7AE33AABA}.Release|Any CPU.Build.0 = Release|Any CPU
		{36B02D37-7225-44E6-A826-E045D8B09A94}.Debug|Any CPU.ActiveCfg = Debug|Any CPU
		{36B02D37-7225-44E6-A826-E045D8B09A94}.Debug|Any CPU.Build.0 = Debug|Any CPU
		{36B02D37-7225-44E6-A826-E045D8B09A94}.Release|Any CPU.ActiveCfg = Release|Any CPU
		{36B02D37-7225-44E6-A826-E045D8B09A94}.Release|Any CPU.Build.0 = Release|Any CPU
		{40AFF2AF-9D52-45F3-A0EC-7B2457A12A1D}.Debug|Any CPU.ActiveCfg = Debug|Any CPU
		{40AFF2AF-9D52-45F3-A0EC-7B2457A12A1D}.Debug|Any CPU.Build.0 = Debug|Any CPU
		{40AFF2AF-9D52-45F3-A0EC-7B2457A12A1D}.Release|Any CPU.ActiveCfg = Release|Any CPU
		{40AFF2AF-9D52-45F3-A0EC-7B2457A12A1D}.Release|Any CPU.Build.0 = Release|Any CPU
		{87F8BCE7-E212-4B0E-86F6-41634FCE55F6}.Debug|Any CPU.ActiveCfg = Debug|Any CPU
		{87F8BCE7-E212-4B0E-86F6-41634FCE55F6}.Debug|Any CPU.Build.0 = Debug|Any CPU
		{87F8BCE7-E212-4B0E-86F6-41634FCE55F6}.Release|Any CPU.ActiveCfg = Release|Any CPU
		{87F8BCE7-E212-4B0E-86F6-41634FCE55F6}.Release|Any CPU.Build.0 = Release|Any CPU
		{BC5CDD87-703F-40F6-B372-825CDDC855A2}.Debug|Any CPU.ActiveCfg = Debug|Any CPU
		{BC5CDD87-703F-40F6-B372-825CDDC855A2}.Debug|Any CPU.Build.0 = Debug|Any CPU
		{BC5CDD87-703F-40F6-B372-825CDDC855A2}.Release|Any CPU.ActiveCfg = Release|Any CPU
		{BC5CDD87-703F-40F6-B372-825CDDC855A2}.Release|Any CPU.Build.0 = Release|Any CPU
		{AE685AED-B142-42CF-910F-E9DECE5DC1E5}.Debug|Any CPU.ActiveCfg = Debug|Any CPU
		{AE685AED-B142-42CF-910F-E9DECE5DC1E5}.Debug|Any CPU.Build.0 = Debug|Any CPU
		{AE685AED-B142-42CF-910F-E9DECE5DC1E5}.Release|Any CPU.ActiveCfg = Release|Any CPU
		{AE685AED-B142-42CF-910F-E9DECE5DC1E5}.Release|Any CPU.Build.0 = Release|Any CPU
		{17B1391F-B759-4EF2-B36C-E0AD84C6471E}.Debug|Any CPU.ActiveCfg = Debug|Any CPU
		{17B1391F-B759-4EF2-B36C-E0AD84C6471E}.Debug|Any CPU.Build.0 = Debug|Any CPU
		{17B1391F-B759-4EF2-B36C-E0AD84C6471E}.Release|Any CPU.ActiveCfg = Release|Any CPU
		{17B1391F-B759-4EF2-B36C-E0AD84C6471E}.Release|Any CPU.Build.0 = Release|Any CPU
		{C884F5DB-55E6-4CBF-ABC2-F465102965DD}.Debug|Any CPU.ActiveCfg = Debug|Any CPU
		{C884F5DB-55E6-4CBF-ABC2-F465102965DD}.Debug|Any CPU.Build.0 = Debug|Any CPU
		{C884F5DB-55E6-4CBF-ABC2-F465102965DD}.Release|Any CPU.ActiveCfg = Release|Any CPU
		{C884F5DB-55E6-4CBF-ABC2-F465102965DD}.Release|Any CPU.Build.0 = Release|Any CPU
	EndGlobalSection
	GlobalSection(SolutionProperties) = preSolution
		HideSolutionNode = FALSE
	EndGlobalSection
	GlobalSection(ExtensibilityGlobals) = postSolution
		SolutionGuid = {5E7F7E91-7863-4EB6-AE82-B4E7392FB00D}
	EndGlobalSection
EndGlobal
