
Microsoft Visual Studio Solution File, Format Version 12.00
# Visual Studio Version 17
VisualStudioVersion = 17.8.34511.84
MinimumVisualStudioVersion = 10.0.40219.1
Project("{FAE04EC0-301F-11D3-BF4B-00C04F79EFBC}") = "01_variables_and_constants", "..\01_variables_and_constants\01_variables_and_constants.csproj", "{35378FB4-3031-43AA-B85C-14B4E5C0FBBC}"
EndProject
Project("{FAE04EC0-301F-11D3-BF4B-00C04F79EFBC}") = "02_type_conversion", "..\02_type_conversion\02_type_conversion.csproj", "{803E28B3-D98E-44FD-BA35-AFDA22A1873F}"
EndProject
Project("{FAE04EC0-301F-11D3-BF4B-00C04F79EFBC}") = "03_operators", "..\03_operators\03_operators.csproj", "{118FD4FA-ACDD-4108-B52F-73B97177CEB0}"
EndProject
Project("{FAE04EC0-301F-11D3-BF4B-00C04F79EFBC}") = "04_classes", "..\04_classes\04_classes.csproj", "{68F30AAF-B5C0-4FFF-8FF8-53D43A8A656A}"
EndProject
Project("{FAE04EC0-301F-11D3-BF4B-00C04F79EFBC}") = "05_arrays", "..\05_arrays\05_arrays.csproj", "{93E274A2-0309-44DE-BCBD-6917EA5E5051}"
EndProject
Project("{FAE04EC0-301F-11D3-BF4B-00C04F79EFBC}") = "06_strings", "..\06_strings\06_strings.csproj", "{BB73BAD3-C799-487D-B87D-ADCBDF22B1AC}"
EndProject
Project("{FAE04EC0-301F-11D3-BF4B-00C04F79EFBC}") = "07_enum", "..\07_enum\07_enum.csproj", "{2C25BDE9-7548-49AC-9F8E-5029C6A4AB90}"
EndProject
Project("{FAE04EC0-301F-11D3-BF4B-00C04F79EFBC}") = "08_reference_and_value_types", "..\08_reference_and_value_types\08_reference_and_value_types.csproj", "{612B0581-BCB8-4BE9-9AA9-AD61E9AC5EBD}"
EndProject
Project("{FAE04EC0-301F-11D3-BF4B-00C04F79EFBC}") = "09_if_else_and_switch", "..\09_if_else_and_switch\09_if_else_and_switch.csproj", "{C6B096CA-7FA6-4567-A1A4-4EC49F6FFA39}"
EndProject
Project("{FAE04EC0-301F-11D3-BF4B-00C04F79EFBC}") = "10_for_loop", "..\10_for_loop\10_for_loop.csproj", "{2CF4F3D3-FBDC-407C-8B2F-D57ECADCFF5C}"
EndProject
Project("{FAE04EC0-301F-11D3-BF4B-00C04F79EFBC}") = "11_foreach_loop", "..\11_foreach_loop\11_foreach_loop.csproj", "{0AAB5418-4ADC-4080-BD60-C7E94341E924}"
EndProject
Global
	GlobalSection(SolutionConfigurationPlatforms) = preSolution
		Debug|Any CPU = Debug|Any CPU
		Release|Any CPU = Release|Any CPU
	EndGlobalSection
	GlobalSection(ProjectConfigurationPlatforms) = postSolution
		{35378FB4-3031-43AA-B85C-14B4E5C0FBBC}.Debug|Any CPU.ActiveCfg = Debug|Any CPU
		{35378FB4-3031-43AA-B85C-14B4E5C0FBBC}.Debug|Any CPU.Build.0 = Debug|Any CPU
		{35378FB4-3031-43AA-B85C-14B4E5C0FBBC}.Release|Any CPU.ActiveCfg = Release|Any CPU
		{35378FB4-3031-43AA-B85C-14B4E5C0FBBC}.Release|Any CPU.Build.0 = Release|Any CPU
		{803E28B3-D98E-44FD-BA35-AFDA22A1873F}.Debug|Any CPU.ActiveCfg = Debug|Any CPU
		{803E28B3-D98E-44FD-BA35-AFDA22A1873F}.Debug|Any CPU.Build.0 = Debug|Any CPU
		{803E28B3-D98E-44FD-BA35-AFDA22A1873F}.Release|Any CPU.ActiveCfg = Release|Any CPU
		{803E28B3-D98E-44FD-BA35-AFDA22A1873F}.Release|Any CPU.Build.0 = Release|Any CPU
		{118FD4FA-ACDD-4108-B52F-73B97177CEB0}.Debug|Any CPU.ActiveCfg = Debug|Any CPU
		{118FD4FA-ACDD-4108-B52F-73B97177CEB0}.Debug|Any CPU.Build.0 = Debug|Any CPU
		{118FD4FA-ACDD-4108-B52F-73B97177CEB0}.Release|Any CPU.ActiveCfg = Release|Any CPU
		{118FD4FA-ACDD-4108-B52F-73B97177CEB0}.Release|Any CPU.Build.0 = Release|Any CPU
		{68F30AAF-B5C0-4FFF-8FF8-53D43A8A656A}.Debug|Any CPU.ActiveCfg = Debug|Any CPU
		{68F30AAF-B5C0-4FFF-8FF8-53D43A8A656A}.Debug|Any CPU.Build.0 = Debug|Any CPU
		{68F30AAF-B5C0-4FFF-8FF8-53D43A8A656A}.Release|Any CPU.ActiveCfg = Release|Any CPU
		{68F30AAF-B5C0-4FFF-8FF8-53D43A8A656A}.Release|Any CPU.Build.0 = Release|Any CPU
		{93E274A2-0309-44DE-BCBD-6917EA5E5051}.Debug|Any CPU.ActiveCfg = Debug|Any CPU
		{93E274A2-0309-44DE-BCBD-6917EA5E5051}.Debug|Any CPU.Build.0 = Debug|Any CPU
		{93E274A2-0309-44DE-BCBD-6917EA5E5051}.Release|Any CPU.ActiveCfg = Release|Any CPU
		{93E274A2-0309-44DE-BCBD-6917EA5E5051}.Release|Any CPU.Build.0 = Release|Any CPU
		{BB73BAD3-C799-487D-B87D-ADCBDF22B1AC}.Debug|Any CPU.ActiveCfg = Debug|Any CPU
		{BB73BAD3-C799-487D-B87D-ADCBDF22B1AC}.Debug|Any CPU.Build.0 = Debug|Any CPU
		{BB73BAD3-C799-487D-B87D-ADCBDF22B1AC}.Release|Any CPU.ActiveCfg = Release|Any CPU
		{BB73BAD3-C799-487D-B87D-ADCBDF22B1AC}.Release|Any CPU.Build.0 = Release|Any CPU
		{2C25BDE9-7548-49AC-9F8E-5029C6A4AB90}.Debug|Any CPU.ActiveCfg = Debug|Any CPU
		{2C25BDE9-7548-49AC-9F8E-5029C6A4AB90}.Debug|Any CPU.Build.0 = Debug|Any CPU
		{2C25BDE9-7548-49AC-9F8E-5029C6A4AB90}.Release|Any CPU.ActiveCfg = Release|Any CPU
		{2C25BDE9-7548-49AC-9F8E-5029C6A4AB90}.Release|Any CPU.Build.0 = Release|Any CPU
		{612B0581-BCB8-4BE9-9AA9-AD61E9AC5EBD}.Debug|Any CPU.ActiveCfg = Debug|Any CPU
		{612B0581-BCB8-4BE9-9AA9-AD61E9AC5EBD}.Debug|Any CPU.Build.0 = Debug|Any CPU
		{612B0581-BCB8-4BE9-9AA9-AD61E9AC5EBD}.Release|Any CPU.ActiveCfg = Release|Any CPU
		{612B0581-BCB8-4BE9-9AA9-AD61E9AC5EBD}.Release|Any CPU.Build.0 = Release|Any CPU
		{C6B096CA-7FA6-4567-A1A4-4EC49F6FFA39}.Debug|Any CPU.ActiveCfg = Debug|Any CPU
		{C6B096CA-7FA6-4567-A1A4-4EC49F6FFA39}.Debug|Any CPU.Build.0 = Debug|Any CPU
		{C6B096CA-7FA6-4567-A1A4-4EC49F6FFA39}.Release|Any CPU.ActiveCfg = Release|Any CPU
		{C6B096CA-7FA6-4567-A1A4-4EC49F6FFA39}.Release|Any CPU.Build.0 = Release|Any CPU
		{2CF4F3D3-FBDC-407C-8B2F-D57ECADCFF5C}.Debug|Any CPU.ActiveCfg = Debug|Any CPU
		{2CF4F3D3-FBDC-407C-8B2F-D57ECADCFF5C}.Debug|Any CPU.Build.0 = Debug|Any CPU
		{2CF4F3D3-FBDC-407C-8B2F-D57ECADCFF5C}.Release|Any CPU.ActiveCfg = Release|Any CPU
		{2CF4F3D3-FBDC-407C-8B2F-D57ECADCFF5C}.Release|Any CPU.Build.0 = Release|Any CPU
		{0AAB5418-4ADC-4080-BD60-C7E94341E924}.Debug|Any CPU.ActiveCfg = Debug|Any CPU
		{0AAB5418-4ADC-4080-BD60-C7E94341E924}.Debug|Any CPU.Build.0 = Debug|Any CPU
		{0AAB5418-4ADC-4080-BD60-C7E94341E924}.Release|Any CPU.ActiveCfg = Release|Any CPU
		{0AAB5418-4ADC-4080-BD60-C7E94341E924}.Release|Any CPU.Build.0 = Release|Any CPU
	EndGlobalSection
	GlobalSection(SolutionProperties) = preSolution
		HideSolutionNode = FALSE
	EndGlobalSection
	GlobalSection(ExtensibilityGlobals) = postSolution
		SolutionGuid = {5E7F7E91-7863-4EB6-AE82-B4E7392FB00D}
	EndGlobalSection
EndGlobal
